
Microsoft Visual Studio Solution File, Format Version 12.00
# Visual Studio Version 16
VisualStudioVersion = 16.0.32602.291
MinimumVisualStudioVersion = 10.0.40219.1
Project("{FAE04EC0-301F-11D3-BF4B-00C04F79EFBC}") = "pz2", "pz2\pz2.csproj", "{F39B95E8-BBD5-4D83-AAC6-738B786F9129}"
EndProject
Project("{2150E333-8FDC-42A3-9474-1A3956D46DE8}") = "Solution Items", "Solution Items", "{37AD2E5A-1F2C-4C17-A52A-77B90737BAC6}"
	ProjectSection(SolutionItems) = preProject
		.editorconfig = .editorconfig
	EndProjectSection
EndProject
Global
	GlobalSection(SolutionConfigurationPlatforms) = preSolution
		Debug|Any CPU = Debug|Any CPU
		Release|Any CPU = Release|Any CPU
	EndGlobalSection
	GlobalSection(ProjectConfigurationPlatforms) = postSolution
		{F39B95E8-BBD5-4D83-AAC6-738B786F9129}.Debug|Any CPU.ActiveCfg = Debug|Any CPU
		{F39B95E8-BBD5-4D83-AAC6-738B786F9129}.Debug|Any CPU.Build.0 = Debug|Any CPU
		{F39B95E8-BBD5-4D83-AAC6-738B786F9129}.Release|Any CPU.ActiveCfg = Release|Any CPU
		{F39B95E8-BBD5-4D83-AAC6-738B786F9129}.Release|Any CPU.Build.0 = Release|Any CPU
	EndGlobalSection
	GlobalSection(SolutionProperties) = preSolution
		HideSolutionNode = FALSE
	EndGlobalSection
	GlobalSection(ExtensibilityGlobals) = postSolution
		SolutionGuid = {4249F74A-5C38-4833-9FBA-4DA22307D2B5}
	EndGlobalSection
EndGlobal
